
Microsoft Visual Studio Solution File, Format Version 12.00
# Visual Studio 14
VisualStudioVersion = 14.0.25420.1
MinimumVisualStudioVersion = 10.0.40219.1
Project("{ff0fe0eb-e089-447b-a3c6-d52b4685cf81}") = "SkyBSA", "obse_plugin_example.vcxproj", "{a63c0d30-287f-447f-85e7-8488b2dc4702}"
EndProject
Project("{ff0fe0eb-e089-447b-a3c6-d52b4685cf81}") = "common", "..\common\common.vcxproj", "{7c94c859-d25f-4158-8319-60ddfca2c15a}"
EndProject
Project("{ff0fe0eb-e089-447b-a3c6-d52b4685cf81}") = "obse", "..\obse\obse\obse.vcxproj", "{e4488fd1-7ab8-41fc-a391-4b7cd29daec6}"
EndProject
Global
	GlobalSection(SolutionConfigurationPlatforms) = preSolution
		Debug 1_1_0_511|Win32 = Debug 1_1_0_511|Win32
		Debug 1_2_0_214|Win32 = Debug 1_2_0_214|Win32
		Debug 1_2_0_416|Win32 = Debug 1_2_0_416|Win32
		Debug|Win32 = Debug|Win32
		Release 1_1_0_511|Win32 = Release 1_1_0_511|Win32
		Release 1_2_0_214|Win32 = Release 1_2_0_214|Win32
		Release 1_2_0_416|Win32 = Release 1_2_0_416|Win32
		Release|Win32 = Release|Win32
	EndGlobalSection
	GlobalSection(ProjectConfigurationPlatforms) = postSolution
		{a63c0d30-287f-447f-85e7-8488b2dc4702}.Debug 1_1_0_511|Win32.ActiveCfg = Debug|Win32
		{a63c0d30-287f-447f-85e7-8488b2dc4702}.Debug 1_1_0_511|Win32.Build.0 = Debug|Win32
		{a63c0d30-287f-447f-85e7-8488b2dc4702}.Debug 1_2_0_214|Win32.ActiveCfg = Debug|Win32
		{a63c0d30-287f-447f-85e7-8488b2dc4702}.Debug 1_2_0_214|Win32.Build.0 = Debug|Win32
		{a63c0d30-287f-447f-85e7-8488b2dc4702}.Debug 1_2_0_416|Win32.ActiveCfg = Debug|Win32
		{a63c0d30-287f-447f-85e7-8488b2dc4702}.Debug 1_2_0_416|Win32.Build.0 = Debug|Win32
		{a63c0d30-287f-447f-85e7-8488b2dc4702}.Debug|Win32.ActiveCfg = Debug|Win32
		{a63c0d30-287f-447f-85e7-8488b2dc4702}.Debug|Win32.Build.0 = Debug|Win32
		{a63c0d30-287f-447f-85e7-8488b2dc4702}.Release 1_1_0_511|Win32.ActiveCfg = Release|Win32
		{a63c0d30-287f-447f-85e7-8488b2dc4702}.Release 1_1_0_511|Win32.Build.0 = Release|Win32
		{a63c0d30-287f-447f-85e7-8488b2dc4702}.Release 1_2_0_214|Win32.ActiveCfg = Release|Win32
		{a63c0d30-287f-447f-85e7-8488b2dc4702}.Release 1_2_0_214|Win32.Build.0 = Release|Win32
		{a63c0d30-287f-447f-85e7-8488b2dc4702}.Release 1_2_0_416|Win32.ActiveCfg = Release|Win32
		{a63c0d30-287f-447f-85e7-8488b2dc4702}.Release 1_2_0_416|Win32.Build.0 = Release|Win32
		{a63c0d30-287f-447f-85e7-8488b2dc4702}.Release|Win32.ActiveCfg = Release|Win32
		{a63c0d30-287f-447f-85e7-8488b2dc4702}.Release|Win32.Build.0 = Release|Win32
		{7c94c859-d25f-4158-8319-60ddfca2c15a}.Debug 1_1_0_511|Win32.ActiveCfg = Debug|Win32
		{7c94c859-d25f-4158-8319-60ddfca2c15a}.Debug 1_1_0_511|Win32.Build.0 = Debug|Win32
		{7c94c859-d25f-4158-8319-60ddfca2c15a}.Debug 1_2_0_214|Win32.ActiveCfg = Debug|Win32
		{7c94c859-d25f-4158-8319-60ddfca2c15a}.Debug 1_2_0_214|Win32.Build.0 = Debug|Win32
		{7c94c859-d25f-4158-8319-60ddfca2c15a}.Debug 1_2_0_416|Win32.ActiveCfg = Debug|Win32
		{7c94c859-d25f-4158-8319-60ddfca2c15a}.Debug 1_2_0_416|Win32.Build.0 = Debug|Win32
		{7c94c859-d25f-4158-8319-60ddfca2c15a}.Debug|Win32.ActiveCfg = Debug|Win32
		{7c94c859-d25f-4158-8319-60ddfca2c15a}.Debug|Win32.Build.0 = Debug|Win32
		{7c94c859-d25f-4158-8319-60ddfca2c15a}.Release 1_1_0_511|Win32.ActiveCfg = Release|Win32
		{7c94c859-d25f-4158-8319-60ddfca2c15a}.Release 1_1_0_511|Win32.Build.0 = Release|Win32
		{7c94c859-d25f-4158-8319-60ddfca2c15a}.Release 1_2_0_214|Win32.ActiveCfg = Release|Win32
		{7c94c859-d25f-4158-8319-60ddfca2c15a}.Release 1_2_0_214|Win32.Build.0 = Release|Win32
		{7c94c859-d25f-4158-8319-60ddfca2c15a}.Release 1_2_0_416|Win32.ActiveCfg = Release|Win32
		{7c94c859-d25f-4158-8319-60ddfca2c15a}.Release 1_2_0_416|Win32.Build.0 = Release|Win32
		{7c94c859-d25f-4158-8319-60ddfca2c15a}.Release|Win32.ActiveCfg = Release|Win32
		{7c94c859-d25f-4158-8319-60ddfca2c15a}.Release|Win32.Build.0 = Release|Win32
		{e4488fd1-7ab8-41fc-a391-4b7cd29daec6}.Debug 1_1_0_511|Win32.ActiveCfg = Debug 1_1_0_511|Win32
		{e4488fd1-7ab8-41fc-a391-4b7cd29daec6}.Debug 1_1_0_511|Win32.Build.0 = Debug 1_1_0_511|Win32
		{e4488fd1-7ab8-41fc-a391-4b7cd29daec6}.Debug 1_2_0_214|Win32.ActiveCfg = Debug 1_2_0_214|Win32
		{e4488fd1-7ab8-41fc-a391-4b7cd29daec6}.Debug 1_2_0_214|Win32.Build.0 = Debug 1_2_0_214|Win32
		{e4488fd1-7ab8-41fc-a391-4b7cd29daec6}.Debug 1_2_0_416|Win32.ActiveCfg = Debug 1_2_0_416|Win32
		{e4488fd1-7ab8-41fc-a391-4b7cd29daec6}.Debug 1_2_0_416|Win32.Build.0 = Debug 1_2_0_416|Win32
		{e4488fd1-7ab8-41fc-a391-4b7cd29daec6}.Debug|Win32.ActiveCfg = Debug 1_2_0_416|Win32
		{e4488fd1-7ab8-41fc-a391-4b7cd29daec6}.Debug|Win32.Build.0 = Debug 1_2_0_416|Win32
		{e4488fd1-7ab8-41fc-a391-4b7cd29daec6}.Release 1_1_0_511|Win32.ActiveCfg = Release 1_1_0_511|Win32
		{e4488fd1-7ab8-41fc-a391-4b7cd29daec6}.Release 1_1_0_511|Win32.Build.0 = Release 1_1_0_511|Win32
		{e4488fd1-7ab8-41fc-a391-4b7cd29daec6}.Release 1_2_0_214|Win32.ActiveCfg = Release 1_2_0_214|Win32
		{e4488fd1-7ab8-41fc-a391-4b7cd29daec6}.Release 1_2_0_214|Win32.Build.0 = Release 1_2_0_214|Win32
		{e4488fd1-7ab8-41fc-a391-4b7cd29daec6}.Release 1_2_0_416|Win32.ActiveCfg = Release 1_2_0_416|Win32
		{e4488fd1-7ab8-41fc-a391-4b7cd29daec6}.Release 1_2_0_416|Win32.Build.0 = Release 1_2_0_416|Win32
		{e4488fd1-7ab8-41fc-a391-4b7cd29daec6}.Release|Win32.ActiveCfg = Release 1_2_0_416|Win32
		{e4488fd1-7ab8-41fc-a391-4b7cd29daec6}.Release|Win32.Build.0 = Release 1_2_0_416|Win32
	EndGlobalSection
	GlobalSection(SolutionProperties) = preSolution
		HideSolutionNode = FALSE
	EndGlobalSection
EndGlobal
